
Microsoft Visual Studio Solution File, Format Version 12.00
# Visual Studio Version 17
VisualStudioVersion = 17.2.32630.192
MinimumVisualStudioVersion = 10.0.40219.1
Project("{FAE04EC0-301F-11D3-BF4B-00C04F79EFBC}") = "AzureFunctionRetryPolicyDemo", "AzureFunctionRetryPolicyDemo\AzureFunctionRetryPolicyDemo.csproj", "{4209050D-AEED-4FA8-9765-82E427192362}"
EndProject
Global
	GlobalSection(SolutionConfigurationPlatforms) = preSolution
		Debug|Any CPU = Debug|Any CPU
		Release|Any CPU = Release|Any CPU
	EndGlobalSection
	GlobalSection(ProjectConfigurationPlatforms) = postSolution
		{4209050D-AEED-4FA8-9765-82E427192362}.Debug|Any CPU.ActiveCfg = Debug|Any CPU
		{4209050D-AEED-4FA8-9765-82E427192362}.Debug|Any CPU.Build.0 = Debug|Any CPU
		{4209050D-AEED-4FA8-9765-82E427192362}.Release|Any CPU.ActiveCfg = Release|Any CPU
		{4209050D-AEED-4FA8-9765-82E427192362}.Release|Any CPU.Build.0 = Release|Any CPU
	EndGlobalSection
	GlobalSection(SolutionProperties) = preSolution
		HideSolutionNode = FALSE
	EndGlobalSection
	GlobalSection(ExtensibilityGlobals) = postSolution
		SolutionGuid = {85C8961F-8424-41F0-A312-D76EEBB0929C}
	EndGlobalSection
EndGlobal
